{
  "nodes": {
    "babble": {
      "inputs": {
        "flake-parts": "flake-parts",
        "nixpkgs": [
          "nixpkgs"
        ]
      },
      "locked": {
        "lastModified": 1707199433,
        "narHash": "sha256-nomJfWVILgughTn5k940mPgrG+a0NcHDQwCuPGlL09E=",
        "owner": "expenses",
        "repo": "babble-nix",
        "rev": "524f50a93ac7d6f6cf8938ac9d03a158334b0f17",
        "type": "github"
      },
      "original": {
        "owner": "expenses",
        "repo": "babble-nix",
        "type": "github"
      }
    },
    "crane": {
      "inputs": {
        "nixpkgs": [
          "nixpkgs"
        ]
      },
      "locked": {
        "lastModified": 1707685877,
        "narHash": "sha256-XoXRS+5whotelr1rHiZle5t5hDg9kpguS5yk8c8qzOc=",
        "owner": "ipetkov",
        "repo": "crane",
        "rev": "2c653e4478476a52c6aa3ac0495e4dea7449ea0e",
        "type": "github"
      },
      "original": {
        "owner": "ipetkov",
        "repo": "crane",
        "type": "github"
      }
    },
    "flake-parts": {
      "inputs": {
        "nixpkgs-lib": "nixpkgs-lib"
      },
      "locked": {
        "lastModified": 1706830856,
        "narHash": "sha256-a0NYyp+h9hlb7ddVz4LUn1vT/PLwqfrWYcHMvFB1xYg=",
        "owner": "hercules-ci",
        "repo": "flake-parts",
        "rev": "b253292d9c0a5ead9bc98c4e9a26c6312e27d69f",
        "type": "github"
      },
      "original": {
        "id": "flake-parts",
        "type": "indirect"
      }
    },
    "flake-parts_2": {
      "inputs": {
        "nixpkgs-lib": "nixpkgs-lib_2"
      },
      "locked": {
        "lastModified": 1706830856,
        "narHash": "sha256-a0NYyp+h9hlb7ddVz4LUn1vT/PLwqfrWYcHMvFB1xYg=",
        "owner": "hercules-ci",
        "repo": "flake-parts",
        "rev": "b253292d9c0a5ead9bc98c4e9a26c6312e27d69f",
        "type": "github"
      },
      "original": {
        "id": "flake-parts",
        "type": "indirect"
      }
    },
    "flake-parts_3": {
      "inputs": {
        "nixpkgs-lib": "nixpkgs-lib_3"
      },
      "locked": {
        "lastModified": 1706830856,
        "narHash": "sha256-a0NYyp+h9hlb7ddVz4LUn1vT/PLwqfrWYcHMvFB1xYg=",
        "owner": "hercules-ci",
        "repo": "flake-parts",
        "rev": "b253292d9c0a5ead9bc98c4e9a26c6312e27d69f",
        "type": "github"
      },
      "original": {
        "id": "flake-parts",
        "type": "indirect"
      }
    },
    "flake-utils": {
      "inputs": {
        "systems": "systems"
      },
      "locked": {
        "lastModified": 1705309234,
        "narHash": "sha256-uNRRNRKmJyCRC/8y1RqBkqWBLM034y4qN7EprSdmgyA=",
        "owner": "numtide",
        "repo": "flake-utils",
        "rev": "1ef2e671c3b0c19053962c07dbda38332dcebf26",
        "type": "github"
      },
      "original": {
        "owner": "numtide",
        "repo": "flake-utils",
        "type": "github"
      }
    },
    "materialx": {
      "inputs": {
        "flake-parts": "flake-parts_3",
        "nixpkgs": [
          "openusd-minimal",
          "nixpkgs"
        ]
      },
      "locked": {
        "lastModified": 1707553506,
        "narHash": "sha256-1PwokuZT6WTA/gDXy2m0xekKjoltzL4ACLTB5WT2uLA=",
        "owner": "expenses",
        "repo": "materialx-nix",
        "rev": "ba4a48371bd2f4211b94ed1be4f63c9582e8bae4",
        "type": "github"
      },
      "original": {
        "owner": "expenses",
        "repo": "materialx-nix",
        "type": "github"
      }
    },
    "nixpkgs": {
      "locked": {
        "lastModified": 1707743206,
        "narHash": "sha256-AehgH64b28yKobC/DAWYZWkJBxL/vP83vkY+ag2Hhy4=",
        "owner": "NixOS",
        "repo": "nixpkgs",
        "rev": "2d627a2a704708673e56346fcb13d25344b8eaf3",
        "type": "github"
      },
      "original": {
        "owner": "NixOS",
        "ref": "nixpkgs-unstable",
        "repo": "nixpkgs",
        "type": "github"
      }
    },
    "nixpkgs-lib": {
      "locked": {
        "dir": "lib",
        "lastModified": 1706550542,
        "narHash": "sha256-UcsnCG6wx++23yeER4Hg18CXWbgNpqNXcHIo5/1Y+hc=",
        "owner": "NixOS",
        "repo": "nixpkgs",
        "rev": "97b17f32362e475016f942bbdfda4a4a72a8a652",
        "type": "github"
      },
      "original": {
        "dir": "lib",
        "owner": "NixOS",
        "ref": "nixos-unstable",
        "repo": "nixpkgs",
        "type": "github"
      }
    },
    "nixpkgs-lib_2": {
      "locked": {
        "dir": "lib",
        "lastModified": 1706550542,
        "narHash": "sha256-UcsnCG6wx++23yeER4Hg18CXWbgNpqNXcHIo5/1Y+hc=",
        "owner": "NixOS",
        "repo": "nixpkgs",
        "rev": "97b17f32362e475016f942bbdfda4a4a72a8a652",
        "type": "github"
      },
      "original": {
        "dir": "lib",
        "owner": "NixOS",
        "ref": "nixos-unstable",
        "repo": "nixpkgs",
        "type": "github"
      }
    },
    "nixpkgs-lib_3": {
      "locked": {
        "dir": "lib",
        "lastModified": 1706550542,
        "narHash": "sha256-UcsnCG6wx++23yeER4Hg18CXWbgNpqNXcHIo5/1Y+hc=",
        "owner": "NixOS",
        "repo": "nixpkgs",
        "rev": "97b17f32362e475016f942bbdfda4a4a72a8a652",
        "type": "github"
      },
      "original": {
        "dir": "lib",
        "owner": "NixOS",
        "ref": "nixos-unstable",
        "repo": "nixpkgs",
        "type": "github"
      }
    },
    "nixpkgs_2": {
      "locked": {
        "lastModified": 1707546158,
        "narHash": "sha256-nYYJTpzfPMDxI8mzhQsYjIUX+grorqjKEU9Np6Xwy/0=",
        "owner": "NixOS",
        "repo": "nixpkgs",
        "rev": "d934204a0f8d9198e1e4515dd6fec76a139c87f0",
        "type": "github"
      },
      "original": {
        "owner": "NixOS",
        "ref": "nixos-unstable",
        "repo": "nixpkgs",
        "type": "github"
      }
    },
    "openusd-minimal": {
      "inputs": {
        "flake-parts": "flake-parts_2",
        "materialx": "materialx",
        "nixpkgs": "nixpkgs_2"
      },
      "locked": {
        "dirtyRev": "1e22148bf757cdebc35104d256b86de14cce0319-dirty",
        "dirtyShortRev": "1e22148-dirty",
        "lastModified": 1707554027,
        "narHash": "sha256-mv9ryiLq/9bI9ILFvrOURAaL3+TZVMSeHY9oP5i6qC8=",
        "type": "git",
        "url": "file:///home/ashley/projects/openusd-minimal-nix"
      },
      "original": {
        "type": "git",
        "url": "file:///home/ashley/projects/openusd-minimal-nix"
      }
    },
    "root": {
      "inputs": {
        "babble": "babble",
        "crane": "crane",
        "flake-utils": "flake-utils",
        "nixpkgs": "nixpkgs",
        "openusd-minimal": "openusd-minimal"
      }
    },
    "systems": {
      "locked": {
        "lastModified": 1681028828,
        "narHash": "sha256-Vy1rq5AaRuLzOxct8nz4T6wlgyUR7zLU309k9mBC768=",
        "owner": "nix-systems",
        "repo": "default",
        "rev": "da67096a3b9bf56a91d16901293e51ba5b49a27e",
        "type": "github"
      },
      "original": {
        "owner": "nix-systems",
        "repo": "default",
        "type": "github"
      }
    }
  },
  "root": "root",
  "version": 7
}
